
Microsoft Visual Studio Solution File, Format Version 12.00
# Visual Studio 15
VisualStudioVersion = 15.0.28307.421
MinimumVisualStudioVersion = 10.0.40219.1
Project("{FAE04EC0-301F-11D3-BF4B-00C04F79EFBC}") = "searchingCurces", "searchingCurces\searchingCurces.csproj", "{573B729F-2529-4CCE-B8C1-5BCC1DCBB70A}"
EndProject
Global
	GlobalSection(SolutionConfigurationPlatforms) = preSolution
		Debug|Any CPU = Debug|Any CPU
		Release|Any CPU = Release|Any CPU
	EndGlobalSection
	GlobalSection(ProjectConfigurationPlatforms) = postSolution
		{573B729F-2529-4CCE-B8C1-5BCC1DCBB70A}.Debug|Any CPU.ActiveCfg = Debug|Any CPU
		{573B729F-2529-4CCE-B8C1-5BCC1DCBB70A}.Debug|Any CPU.Build.0 = Debug|Any CPU
		{573B729F-2529-4CCE-B8C1-5BCC1DCBB70A}.Release|Any CPU.ActiveCfg = Release|Any CPU
		{573B729F-2529-4CCE-B8C1-5BCC1DCBB70A}.Release|Any CPU.Build.0 = Release|Any CPU
	EndGlobalSection
	GlobalSection(SolutionProperties) = preSolution
		HideSolutionNode = FALSE
	EndGlobalSection
	GlobalSection(ExtensibilityGlobals) = postSolution
		SolutionGuid = {4184A10B-EFE4-4D50-91A1-4E0A0457D794}
	EndGlobalSection
EndGlobal
